
Microsoft Visual Studio Solution File, Format Version 12.00
# Visual Studio Version 17
VisualStudioVersion = 17.7.34221.43
MinimumVisualStudioVersion = 10.0.40219.1
Project("{FAE04EC0-301F-11D3-BF4B-00C04F79EFBC}") = "Avtovesi", "Avtovesi\Avtovesi.csproj", "{826F7AA0-EFAC-47C0-A5FC-E1DD26F79C73}"
EndProject
Global
	GlobalSection(SolutionConfigurationPlatforms) = preSolution
		Debug|Any CPU = Debug|Any CPU
		Release|Any CPU = Release|Any CPU
	EndGlobalSection
	GlobalSection(ProjectConfigurationPlatforms) = postSolution
		{826F7AA0-EFAC-47C0-A5FC-E1DD26F79C73}.Debug|Any CPU.ActiveCfg = Debug|Any CPU
		{826F7AA0-EFAC-47C0-A5FC-E1DD26F79C73}.Debug|Any CPU.Build.0 = Debug|Any CPU
		{826F7AA0-EFAC-47C0-A5FC-E1DD26F79C73}.Release|Any CPU.ActiveCfg = Release|Any CPU
		{826F7AA0-EFAC-47C0-A5FC-E1DD26F79C73}.Release|Any CPU.Build.0 = Release|Any CPU
	EndGlobalSection
	GlobalSection(SolutionProperties) = preSolution
		HideSolutionNode = FALSE
	EndGlobalSection
	GlobalSection(ExtensibilityGlobals) = postSolution
		SolutionGuid = {8DB585FE-FCD0-4BA6-AD0F-73205C79E813}
	EndGlobalSection
EndGlobal
